
Microsoft Visual Studio Solution File, Format Version 11.00
# Visual Studio 2010
Project("{FAE04EC0-301F-11D3-BF4B-00C04F79EFBC}") = "shixundazuoye1", "Assembly-CSharp.csproj", "{7F0C34E3-6F53-5CDA-AD95-E2EB3033D807}"
EndProject
Project("{FAE04EC0-301F-11D3-BF4B-00C04F79EFBC}") = "shixundazuoye1", "Assembly-CSharp-Editor.csproj", "{ECA7F62D-4131-B83C-4A92-0C31F4A09274}"
EndProject
Global
	GlobalSection(SolutionConfigurationPlatforms) = preSolution
		Debug|Any CPU = Debug|Any CPU
		Release|Any CPU = Release|Any CPU
	EndGlobalSection
	GlobalSection(ProjectConfigurationPlatforms) = postSolution
		{7F0C34E3-6F53-5CDA-AD95-E2EB3033D807}.Debug|Any CPU.ActiveCfg = Debug|Any CPU
		{7F0C34E3-6F53-5CDA-AD95-E2EB3033D807}.Debug|Any CPU.Build.0 = Debug|Any CPU
		{7F0C34E3-6F53-5CDA-AD95-E2EB3033D807}.Release|Any CPU.ActiveCfg = Release|Any CPU
		{7F0C34E3-6F53-5CDA-AD95-E2EB3033D807}.Release|Any CPU.Build.0 = Release|Any CPU
		{ECA7F62D-4131-B83C-4A92-0C31F4A09274}.Debug|Any CPU.ActiveCfg = Debug|Any CPU
		{ECA7F62D-4131-B83C-4A92-0C31F4A09274}.Debug|Any CPU.Build.0 = Debug|Any CPU
		{ECA7F62D-4131-B83C-4A92-0C31F4A09274}.Release|Any CPU.ActiveCfg = Release|Any CPU
		{ECA7F62D-4131-B83C-4A92-0C31F4A09274}.Release|Any CPU.Build.0 = Release|Any CPU
	EndGlobalSection
	GlobalSection(SolutionProperties) = preSolution
		HideSolutionNode = FALSE
	EndGlobalSection
	GlobalSection(MonoDevelopProperties) = preSolution
		StartupItem = Assembly-CSharp.csproj
	EndGlobalSection
EndGlobal
